
Microsoft Visual Studio Solution File, Format Version 12.00
# Visual Studio Version 17
VisualStudioVersion = 17.0.32112.339
MinimumVisualStudioVersion = 10.0.40219.1
Project("{2150E333-8FDC-42A3-9474-1A3956D46DE8}") = "SolutionItems", "SolutionItems", "{833ADA5E-4907-45A0-B775-2FDFAD855B45}"
EndProject
Project("{2150E333-8FDC-42A3-9474-1A3956D46DE8}") = "src", "src", "{CEB10D1A-4972-46AB-B100-3D32C34CDC46}"
EndProject
Project("{2150E333-8FDC-42A3-9474-1A3956D46DE8}") = "ApiGateways", "ApiGateways", "{4CCB9383-E26D-471F-AF7F-3DD5D1C09D7D}"
EndProject
Project("{2150E333-8FDC-42A3-9474-1A3956D46DE8}") = "BuildingBlocks", "BuildingBlocks", "{93144866-10B3-4718-B60D-319BB94553C4}"
EndProject
Project("{2150E333-8FDC-42A3-9474-1A3956D46DE8}") = "Services", "Services", "{60D56D5B-0CE8-45D6-A913-0FE52C1BD32F}"
EndProject
Project("{2150E333-8FDC-42A3-9474-1A3956D46DE8}") = "WebApps", "WebApps", "{59F76EEA-0BF7-479D-9D34-6BEB9B311224}"
EndProject
Project("{2150E333-8FDC-42A3-9474-1A3956D46DE8}") = "tests", "tests", "{D8B3049E-A3A4-4935-BA32-B13E3FA6A440}"
EndProject
Project("{2150E333-8FDC-42A3-9474-1A3956D46DE8}") = "ServiceTests", "ServiceTests", "{B57357C9-410A-48E2-8C9E-396A1D5C5075}"
EndProject
Project("{2150E333-8FDC-42A3-9474-1A3956D46DE8}") = "Envoy", "Envoy", "{65E3B35D-8032-44F2-B6F6-0FBAACFFB35C}"
EndProject
Project("{2150E333-8FDC-42A3-9474-1A3956D46DE8}") = "Mobile.Bff.Apricot", "Mobile.Bff.Apricot", "{0B409BF6-3BFC-4EE8-AC92-02C3DDD963A9}"
EndProject
Project("{2150E333-8FDC-42A3-9474-1A3956D46DE8}") = "Web.Bff.Apricot", "Web.Bff.Apricot", "{3D491A78-6661-45BA-BCE3-607E3243B227}"
EndProject
Project("{2150E333-8FDC-42A3-9474-1A3956D46DE8}") = "EventBus", "EventBus", "{FC793A70-8A49-47B1-B9D7-E97E8708A53D}"
EndProject
Project("{2150E333-8FDC-42A3-9474-1A3956D46DE8}") = "WebHost", "WebHost", "{3D36C827-5784-4D3C-835D-A2D199389BE5}"
EndProject
Project("{9A19103F-16F7-4668-BE54-9A1E7A4F7556}") = "Apricot.Domain", "src\Services\VietBlog\Apricot.Domain\Apricot.Domain.csproj", "{CC06CD7F-58D7-47EA-A351-8346F6B2660A}"
EndProject
Project("{9A19103F-16F7-4668-BE54-9A1E7A4F7556}") = "Apricot.API", "src\Services\VietBlog\Apricot.API\Apricot.API.csproj", "{8B4E0EE7-CD99-4977-A758-431FC6D47388}"
EndProject
Project("{9A19103F-16F7-4668-BE54-9A1E7A4F7556}") = "Apricot.Infrastructure", "src\Services\VietBlog\Apricot.Infrastructure\Apricot.Infrastructure.csproj", "{BB53E70E-BAB7-4603-8CF3-B32CE1F3A4C1}"
EndProject
Project("{9A19103F-16F7-4668-BE54-9A1E7A4F7556}") = "Apricot.BackgroundTasks", "src\Services\VietBlog\Apricot.BackgroundTasks\Apricot.BackgroundTasks.csproj", "{774E5173-3A30-427D-9155-FB75267C3BCB}"
EndProject
Project("{2150E333-8FDC-42A3-9474-1A3956D46DE8}") = "VietBlog", "VietBlog", "{265B583B-D5A2-472C-8382-F011DC712E01}"
EndProject
Project("{9A19103F-16F7-4668-BE54-9A1E7A4F7556}") = "Apricot.Core", "src\Services\VietBlog\Apricot.Core\Apricot.Core.csproj", "{3F056DA9-E482-4DB4-81BC-A45DF2D9F7D3}"
EndProject
Project("{FAE04EC0-301F-11D3-BF4B-00C04F79EFBC}") = "Apricot.Application", "src\Services\VietBlog\Apricot.Application\Apricot.Application.csproj", "{AC3F648D-ECB8-4435-B549-7487DFF82318}"
EndProject
Global
	GlobalSection(SolutionConfigurationPlatforms) = preSolution
		Debug|Any CPU = Debug|Any CPU
		Release|Any CPU = Release|Any CPU
	EndGlobalSection
	GlobalSection(ProjectConfigurationPlatforms) = postSolution
		{CC06CD7F-58D7-47EA-A351-8346F6B2660A}.Debug|Any CPU.ActiveCfg = Debug|Any CPU
		{CC06CD7F-58D7-47EA-A351-8346F6B2660A}.Debug|Any CPU.Build.0 = Debug|Any CPU
		{CC06CD7F-58D7-47EA-A351-8346F6B2660A}.Release|Any CPU.ActiveCfg = Release|Any CPU
		{CC06CD7F-58D7-47EA-A351-8346F6B2660A}.Release|Any CPU.Build.0 = Release|Any CPU
		{8B4E0EE7-CD99-4977-A758-431FC6D47388}.Debug|Any CPU.ActiveCfg = Debug|Any CPU
		{8B4E0EE7-CD99-4977-A758-431FC6D47388}.Debug|Any CPU.Build.0 = Debug|Any CPU
		{8B4E0EE7-CD99-4977-A758-431FC6D47388}.Release|Any CPU.ActiveCfg = Release|Any CPU
		{8B4E0EE7-CD99-4977-A758-431FC6D47388}.Release|Any CPU.Build.0 = Release|Any CPU
		{BB53E70E-BAB7-4603-8CF3-B32CE1F3A4C1}.Debug|Any CPU.ActiveCfg = Debug|Any CPU
		{BB53E70E-BAB7-4603-8CF3-B32CE1F3A4C1}.Debug|Any CPU.Build.0 = Debug|Any CPU
		{BB53E70E-BAB7-4603-8CF3-B32CE1F3A4C1}.Release|Any CPU.ActiveCfg = Release|Any CPU
		{BB53E70E-BAB7-4603-8CF3-B32CE1F3A4C1}.Release|Any CPU.Build.0 = Release|Any CPU
		{774E5173-3A30-427D-9155-FB75267C3BCB}.Debug|Any CPU.ActiveCfg = Debug|Any CPU
		{774E5173-3A30-427D-9155-FB75267C3BCB}.Debug|Any CPU.Build.0 = Debug|Any CPU
		{774E5173-3A30-427D-9155-FB75267C3BCB}.Release|Any CPU.ActiveCfg = Release|Any CPU
		{774E5173-3A30-427D-9155-FB75267C3BCB}.Release|Any CPU.Build.0 = Release|Any CPU
		{3F056DA9-E482-4DB4-81BC-A45DF2D9F7D3}.Debug|Any CPU.ActiveCfg = Debug|Any CPU
		{3F056DA9-E482-4DB4-81BC-A45DF2D9F7D3}.Debug|Any CPU.Build.0 = Debug|Any CPU
		{3F056DA9-E482-4DB4-81BC-A45DF2D9F7D3}.Release|Any CPU.ActiveCfg = Release|Any CPU
		{3F056DA9-E482-4DB4-81BC-A45DF2D9F7D3}.Release|Any CPU.Build.0 = Release|Any CPU
		{AC3F648D-ECB8-4435-B549-7487DFF82318}.Debug|Any CPU.ActiveCfg = Debug|Any CPU
		{AC3F648D-ECB8-4435-B549-7487DFF82318}.Debug|Any CPU.Build.0 = Debug|Any CPU
		{AC3F648D-ECB8-4435-B549-7487DFF82318}.Release|Any CPU.ActiveCfg = Release|Any CPU
		{AC3F648D-ECB8-4435-B549-7487DFF82318}.Release|Any CPU.Build.0 = Release|Any CPU
	EndGlobalSection
	GlobalSection(SolutionProperties) = preSolution
		HideSolutionNode = FALSE
	EndGlobalSection
	GlobalSection(NestedProjects) = preSolution
		{4CCB9383-E26D-471F-AF7F-3DD5D1C09D7D} = {CEB10D1A-4972-46AB-B100-3D32C34CDC46}
		{93144866-10B3-4718-B60D-319BB94553C4} = {CEB10D1A-4972-46AB-B100-3D32C34CDC46}
		{60D56D5B-0CE8-45D6-A913-0FE52C1BD32F} = {CEB10D1A-4972-46AB-B100-3D32C34CDC46}
		{59F76EEA-0BF7-479D-9D34-6BEB9B311224} = {CEB10D1A-4972-46AB-B100-3D32C34CDC46}
		{B57357C9-410A-48E2-8C9E-396A1D5C5075} = {D8B3049E-A3A4-4935-BA32-B13E3FA6A440}
		{65E3B35D-8032-44F2-B6F6-0FBAACFFB35C} = {4CCB9383-E26D-471F-AF7F-3DD5D1C09D7D}
		{0B409BF6-3BFC-4EE8-AC92-02C3DDD963A9} = {4CCB9383-E26D-471F-AF7F-3DD5D1C09D7D}
		{3D491A78-6661-45BA-BCE3-607E3243B227} = {4CCB9383-E26D-471F-AF7F-3DD5D1C09D7D}
		{FC793A70-8A49-47B1-B9D7-E97E8708A53D} = {93144866-10B3-4718-B60D-319BB94553C4}
		{3D36C827-5784-4D3C-835D-A2D199389BE5} = {93144866-10B3-4718-B60D-319BB94553C4}
		{CC06CD7F-58D7-47EA-A351-8346F6B2660A} = {265B583B-D5A2-472C-8382-F011DC712E01}
		{8B4E0EE7-CD99-4977-A758-431FC6D47388} = {265B583B-D5A2-472C-8382-F011DC712E01}
		{BB53E70E-BAB7-4603-8CF3-B32CE1F3A4C1} = {265B583B-D5A2-472C-8382-F011DC712E01}
		{774E5173-3A30-427D-9155-FB75267C3BCB} = {265B583B-D5A2-472C-8382-F011DC712E01}
		{265B583B-D5A2-472C-8382-F011DC712E01} = {60D56D5B-0CE8-45D6-A913-0FE52C1BD32F}
		{3F056DA9-E482-4DB4-81BC-A45DF2D9F7D3} = {265B583B-D5A2-472C-8382-F011DC712E01}
		{AC3F648D-ECB8-4435-B549-7487DFF82318} = {265B583B-D5A2-472C-8382-F011DC712E01}
	EndGlobalSection
	GlobalSection(ExtensibilityGlobals) = postSolution
		SolutionGuid = {491D2568-3CCD-44AD-98EA-F48277F50D0C}
	EndGlobalSection
EndGlobal
